// !$*UTF8*$!
{
	archiveVersion = 1;
	classes = {
	};
	objectVersion = 56;
	objects = {

/* Begin PBXBuildFile section */
		847CEB132C83A1D900482D11 /* BucketListApp.swift in Sources */ = {isa = PBXBuildFile; fileRef = 847CEB122C83A1D900482D11 /* BucketListApp.swift */; };
		847CEB152C83A1D900482D11 /* ContentView.swift in Sources */ = {isa = PBXBuildFile; fileRef = 847CEB142C83A1D900482D11 /* ContentView.swift */; };
		847CEB172C83A1DB00482D11 /* Assets.xcassets in Resources */ = {isa = PBXBuildFile; fileRef = 847CEB162C83A1DB00482D11 /* Assets.xcassets */; };
		847CEB1A2C83A1DB00482D11 /* Preview Assets.xcassets in Resources */ = {isa = PBXBuildFile; fileRef = 847CEB192C83A1DB00482D11 /* Preview Assets.xcassets */; };
		847CEB222C8F6D1B00482D11 /* FileManagerExtension.swift in Sources */ = {isa = PBXBuildFile; fileRef = 847CEB212C8F6D1B00482D11 /* FileManagerExtension.swift */; };
		847CEB252C8F7B9200482D11 /* WriteDataToDocumentsDirectory.swift in Sources */ = {isa = PBXBuildFile; fileRef = 847CEB242C8F7B9200482D11 /* WriteDataToDocumentsDirectory.swift */; };
		847CEB272C8F7D0100482D11 /* SwitchingViewStatesWithEnum.swift in Sources */ = {isa = PBXBuildFile; fileRef = 847CEB262C8F7D0100482D11 /* SwitchingViewStatesWithEnum.swift */; };
		847CEB292C8F802200482D11 /* IntegratingMapKit.swift in Sources */ = {isa = PBXBuildFile; fileRef = 847CEB282C8F802200482D11 /* IntegratingMapKit.swift */; };
		847CEB2B2C90F0A200482D11 /* UsingTouchIDAndFaceID.swift in Sources */ = {isa = PBXBuildFile; fileRef = 847CEB2A2C90F0A200482D11 /* UsingTouchIDAndFaceID.swift */; };
		84A278292C9122890063C375 /* TestFile.swift in Sources */ = {isa = PBXBuildFile; fileRef = 84A278282C9122890063C375 /* TestFile.swift */; };
		84A2782B2C9122C80063C375 /* Location.swift in Sources */ = {isa = PBXBuildFile; fileRef = 84A2782A2C9122C80063C375 /* Location.swift */; };
		84A2782E2C92AB130063C375 /* CustomMapMarkerAnnotation.swift in Sources */ = {isa = PBXBuildFile; fileRef = 84A2782D2C92AB130063C375 /* CustomMapMarkerAnnotation.swift */; };
/* End PBXBuildFile section */

/* Begin PBXFileReference section */
		847CEB0F2C83A1D900482D11 /* BucketList.app */ = {isa = PBXFileReference; explicitFileType = wrapper.application; includeInIndex = 0; path = BucketList.app; sourceTree = BUILT_PRODUCTS_DIR; };
		847CEB122C83A1D900482D11 /* BucketListApp.swift */ = {isa = PBXFileReference; lastKnownFileType = sourcecode.swift; path = BucketListApp.swift; sourceTree = "<group>"; };
		847CEB142C83A1D900482D11 /* ContentView.swift */ = {isa = PBXFileReference; lastKnownFileType = sourcecode.swift; path = ContentView.swift; sourceTree = "<group>"; };
		847CEB162C83A1DB00482D11 /* Assets.xcassets */ = {isa = PBXFileReference; lastKnownFileType = folder.assetcatalog; path = Assets.xcassets; sourceTree = "<group>"; };
		847CEB192C83A1DB00482D11 /* Preview Assets.xcassets */ = {isa = PBXFileReference; lastKnownFileType = folder.assetcatalog; path = "Preview Assets.xcassets"; sourceTree = "<group>"; };
		847CEB212C8F6D1B00482D11 /* FileManagerExtension.swift */ = {isa = PBXFileReference; lastKnownFileType = sourcecode.swift; path = FileManagerExtension.swift; sourceTree = "<group>"; };
		847CEB242C8F7B9200482D11 /* WriteDataToDocumentsDirectory.swift */ = {isa = PBXFileReference; lastKnownFileType = sourcecode.swift; path = WriteDataToDocumentsDirectory.swift; sourceTree = "<group>"; };
		847CEB262C8F7D0100482D11 /* SwitchingViewStatesWithEnum.swift */ = {isa = PBXFileReference; lastKnownFileType = sourcecode.swift; path = SwitchingViewStatesWithEnum.swift; sourceTree = "<group>"; };
		847CEB282C8F802200482D11 /* IntegratingMapKit.swift */ = {isa = PBXFileReference; lastKnownFileType = sourcecode.swift; path = IntegratingMapKit.swift; sourceTree = "<group>"; };
		847CEB2A2C90F0A200482D11 /* UsingTouchIDAndFaceID.swift */ = {isa = PBXFileReference; lastKnownFileType = sourcecode.swift; path = UsingTouchIDAndFaceID.swift; sourceTree = "<group>"; };
		84A278282C9122890063C375 /* TestFile.swift */ = {isa = PBXFileReference; lastKnownFileType = sourcecode.swift; path = TestFile.swift; sourceTree = "<group>"; };
		84A2782A2C9122C80063C375 /* Location.swift */ = {isa = PBXFileReference; lastKnownFileType = sourcecode.swift; path = Location.swift; sourceTree = "<group>"; };
		84A2782D2C92AB130063C375 /* CustomMapMarkerAnnotation.swift */ = {isa = PBXFileReference; lastKnownFileType = sourcecode.swift; path = CustomMapMarkerAnnotation.swift; sourceTree = "<group>"; };
/* End PBXFileReference section */

/* Begin PBXFrameworksBuildPhase section */
		847CEB0C2C83A1D900482D11 /* Frameworks */ = {
			isa = PBXFrameworksBuildPhase;
			buildActionMask = 2147483647;
			files = (
			);
			runOnlyForDeploymentPostprocessing = 0;
		};
/* End PBXFrameworksBuildPhase section */

/* Begin PBXGroup section */
		847CEB062C83A1D900482D11 = {
			isa = PBXGroup;
			children = (
				847CEB112C83A1D900482D11 /* BucketList */,
				847CEB102C83A1D900482D11 /* Products */,
			);
			sourceTree = "<group>";
		};
		847CEB102C83A1D900482D11 /* Products */ = {
			isa = PBXGroup;
			children = (
				847CEB0F2C83A1D900482D11 /* BucketList.app */,
			);
			name = Products;
			sourceTree = "<group>";
		};
		847CEB112C83A1D900482D11 /* BucketList */ = {
			isa = PBXGroup;
			children = (
				84A2782C2C92AAF60063C375 /* View */,
				847CEB232C8F7B6300482D11 /* Learning */,
				847CEB202C8F6D0400482D11 /* Data */,
				847CEB122C83A1D900482D11 /* BucketListApp.swift */,
				847CEB142C83A1D900482D11 /* ContentView.swift */,
				847CEB162C83A1DB00482D11 /* Assets.xcassets */,
				847CEB182C83A1DB00482D11 /* Preview Content */,
			);
			path = BucketList;
			sourceTree = "<group>";
		};
		847CEB182C83A1DB00482D11 /* Preview Content */ = {
			isa = PBXGroup;
			children = (
				847CEB192C83A1DB00482D11 /* Preview Assets.xcassets */,
			);
			path = "Preview Content";
			sourceTree = "<group>";
		};
		847CEB202C8F6D0400482D11 /* Data */ = {
			isa = PBXGroup;
			children = (
				847CEB212C8F6D1B00482D11 /* FileManagerExtension.swift */,
				84A2782A2C9122C80063C375 /* Location.swift */,
			);
			path = Data;
			sourceTree = "<group>";
		};
		847CEB232C8F7B6300482D11 /* Learning */ = {
			isa = PBXGroup;
			children = (
				847CEB242C8F7B9200482D11 /* WriteDataToDocumentsDirectory.swift */,
				847CEB262C8F7D0100482D11 /* SwitchingViewStatesWithEnum.swift */,
				847CEB282C8F802200482D11 /* IntegratingMapKit.swift */,
				847CEB2A2C90F0A200482D11 /* UsingTouchIDAndFaceID.swift */,
				84A278282C9122890063C375 /* TestFile.swift */,
			);
			path = Learning;
			sourceTree = "<group>";
		};
		84A2782C2C92AAF60063C375 /* View */ = {
			isa = PBXGroup;
			children = (
				84A2782D2C92AB130063C375 /* CustomMapMarkerAnnotation.swift */,
			);
			path = View;
			sourceTree = "<group>";
		};
/* End PBXGroup section */

/* Begin PBXNativeTarget section */
		847CEB0E2C83A1D900482D11 /* BucketList */ = {
			isa = PBXNativeTarget;
			buildConfigurationList = 847CEB1D2C83A1DB00482D11 /* Build configuration list for PBXNativeTarget "BucketList" */;
			buildPhases = (
				847CEB0B2C83A1D900482D11 /* Sources */,
				847CEB0C2C83A1D900482D11 /* Frameworks */,
				847CEB0D2C83A1D900482D11 /* Resources */,
			);
			buildRules = (
			);
			dependencies = (
			);
			name = BucketList;
			productName = BucketList;
			productReference = 847CEB0F2C83A1D900482D11 /* BucketList.app */;
			productType = "com.apple.product-type.application";
		};
/* End PBXNativeTarget section */

/* Begin PBXProject section */
		847CEB072C83A1D900482D11 /* Project object */ = {
			isa = PBXProject;
			attributes = {
				BuildIndependentTargetsInParallel = 1;
				LastSwiftUpdateCheck = 1520;
				LastUpgradeCheck = 1520;
				TargetAttributes = {
					847CEB0E2C83A1D900482D11 = {
						CreatedOnToolsVersion = 15.2;
					};
				};
			};
			buildConfigurationList = 847CEB0A2C83A1D900482D11 /* Build configuration list for PBXProject "BucketList" */;
			compatibilityVersion = "Xcode 14.0";
			developmentRegion = en;
			hasScannedForEncodings = 0;
			knownRegions = (
				en,
				Base,
			);
			mainGroup = 847CEB062C83A1D900482D11;
			productRefGroup = 847CEB102C83A1D900482D11 /* Products */;
			projectDirPath = "";
			projectRoot = "";
			targets = (
				847CEB0E2C83A1D900482D11 /* BucketList */,
			);
		};
/* End PBXProject section */

/* Begin PBXResourcesBuildPhase section */
		847CEB0D2C83A1D900482D11 /* Resources */ = {
			isa = PBXResourcesBuildPhase;
			buildActionMask = 2147483647;
			files = (
				847CEB1A2C83A1DB00482D11 /* Preview Assets.xcassets in Resources */,
				847CEB172C83A1DB00482D11 /* Assets.xcassets in Resources */,
			);
			runOnlyForDeploymentPostprocessing = 0;
		};
/* End PBXResourcesBuildPhase section */

/* Begin PBXSourcesBuildPhase section */
		847CEB0B2C83A1D900482D11 /* Sources */ = {
			isa = PBXSourcesBuildPhase;
			buildActionMask = 2147483647;
			files = (
				84A2782E2C92AB130063C375 /* CustomMapMarkerAnnotation.swift in Sources */,
				847CEB152C83A1D900482D11 /* ContentView.swift in Sources */,
				84A278292C9122890063C375 /* TestFile.swift in Sources */,
				847CEB252C8F7B9200482D11 /* WriteDataToDocumentsDirectory.swift in Sources */,
				847CEB292C8F802200482D11 /* IntegratingMapKit.swift in Sources */,
				84A2782B2C9122C80063C375 /* Location.swift in Sources */,
				847CEB222C8F6D1B00482D11 /* FileManagerExtension.swift in Sources */,
				847CEB272C8F7D0100482D11 /* SwitchingViewStatesWithEnum.swift in Sources */,
				847CEB2B2C90F0A200482D11 /* UsingTouchIDAndFaceID.swift in Sources */,
				847CEB132C83A1D900482D11 /* BucketListApp.swift in Sources */,
			);
			runOnlyForDeploymentPostprocessing = 0;
		};
/* End PBXSourcesBuildPhase section */

/* Begin XCBuildConfiguration section */
		847CEB1B2C83A1DB00482D11 /* Debug */ = {
			isa = XCBuildConfiguration;
			buildSettings = {
				ALWAYS_SEARCH_USER_PATHS = NO;
				ASSETCATALOG_COMPILER_GENERATE_SWIFT_ASSET_SYMBOL_EXTENSIONS = YES;
				CLANG_ANALYZER_NONNULL = YES;
				CLANG_ANALYZER_NUMBER_OBJECT_CONVERSION = YES_AGGRESSIVE;
				CLANG_CXX_LANGUAGE_STANDARD = "gnu++20";
				CLANG_ENABLE_MODULES = YES;
				CLANG_ENABLE_OBJC_ARC = YES;
				CLANG_ENABLE_OBJC_WEAK = YES;
				CLANG_WARN_BLOCK_CAPTURE_AUTORELEASING = YES;
				CLANG_WARN_BOOL_CONVERSION = YES;
				CLANG_WARN_COMMA = YES;
				CLANG_WARN_CONSTANT_CONVERSION = YES;
				CLANG_WARN_DEPRECATED_OBJC_IMPLEMENTATIONS = YES;
				CLANG_WARN_DIRECT_OBJC_ISA_USAGE = YES_ERROR;
				CLANG_WARN_DOCUMENTATION_COMMENTS = YES;
				CLANG_WARN_EMPTY_BODY = YES;
				CLANG_WARN_ENUM_CONVERSION = YES;
				CLANG_WARN_INFINITE_RECURSION = YES;
				CLANG_WARN_INT_CONVERSION = YES;
				CLANG_WARN_NON_LITERAL_NULL_CONVERSION = YES;
				CLANG_WARN_OBJC_IMPLICIT_RETAIN_SELF = YES;
				CLANG_WARN_OBJC_LITERAL_CONVERSION = YES;
				CLANG_WARN_OBJC_ROOT_CLASS = YES_ERROR;
				CLANG_WARN_QUOTED_INCLUDE_IN_FRAMEWORK_HEADER = YES;
				CLANG_WARN_RANGE_LOOP_ANALYSIS = YES;
				CLANG_WARN_STRICT_PROTOTYPES = YES;
				CLANG_WARN_SUSPICIOUS_MOVE = YES;
				CLANG_WARN_UNGUARDED_AVAILABILITY = YES_AGGRESSIVE;
				CLANG_WARN_UNREACHABLE_CODE = YES;
				CLANG_WARN__DUPLICATE_METHOD_MATCH = YES;
				COPY_PHASE_STRIP = NO;
				DEBUG_INFORMATION_FORMAT = dwarf;
				ENABLE_STRICT_OBJC_MSGSEND = YES;
				ENABLE_TESTABILITY = YES;
				ENABLE_USER_SCRIPT_SANDBOXING = YES;
				GCC_C_LANGUAGE_STANDARD = gnu17;
				GCC_DYNAMIC_NO_PIC = NO;
				GCC_NO_COMMON_BLOCKS = YES;
				GCC_OPTIMIZATION_LEVEL = 0;
				GCC_PREPROCESSOR_DEFINITIONS = (
					"DEBUG=1",
					"$(inherited)",
				);
				GCC_WARN_64_TO_32_BIT_CONVERSION = YES;
				GCC_WARN_ABOUT_RETURN_TYPE = YES_ERROR;
				GCC_WARN_UNDECLARED_SELECTOR = YES;
				GCC_WARN_UNINITIALIZED_AUTOS = YES_AGGRESSIVE;
				GCC_WARN_UNUSED_FUNCTION = YES;
				GCC_WARN_UNUSED_VARIABLE = YES;
				IPHONEOS_DEPLOYMENT_TARGET = 17.2;
				LOCALIZATION_PREFERS_STRING_CATALOGS = YES;
				MTL_ENABLE_DEBUG_INFO = INCLUDE_SOURCE;
				MTL_FAST_MATH = YES;
				ONLY_ACTIVE_ARCH = YES;
				SDKROOT = iphoneos;
				SWIFT_ACTIVE_COMPILATION_CONDITIONS = "DEBUG $(inherited)";
				SWIFT_OPTIMIZATION_LEVEL = "-Onone";
			};
			name = Debug;
		};
		847CEB1C2C83A1DB00482D11 /* Release */ = {
			isa = XCBuildConfiguration;
			buildSettings = {
				ALWAYS_SEARCH_USER_PATHS = NO;
				ASSETCATALOG_COMPILER_GENERATE_SWIFT_ASSET_SYMBOL_EXTENSIONS = YES;
				CLANG_ANALYZER_NONNULL = YES;
				CLANG_ANALYZER_NUMBER_OBJECT_CONVERSION = YES_AGGRESSIVE;
				CLANG_CXX_LANGUAGE_STANDARD = "gnu++20";
				CLANG_ENABLE_MODULES = YES;
				CLANG_ENABLE_OBJC_ARC = YES;
				CLANG_ENABLE_OBJC_WEAK = YES;
				CLANG_WARN_BLOCK_CAPTURE_AUTORELEASING = YES;
				CLANG_WARN_BOOL_CONVERSION = YES;
				CLANG_WARN_COMMA = YES;
				CLANG_WARN_CONSTANT_CONVERSION = YES;
				CLANG_WARN_DEPRECATED_OBJC_IMPLEMENTATIONS = YES;
				CLANG_WARN_DIRECT_OBJC_ISA_USAGE = YES_ERROR;
				CLANG_WARN_DOCUMENTATION_COMMENTS = YES;
				CLANG_WARN_EMPTY_BODY = YES;
				CLANG_WARN_ENUM_CONVERSION = YES;
				CLANG_WARN_INFINITE_RECURSION = YES;
				CLANG_WARN_INT_CONVERSION = YES;
				CLANG_WARN_NON_LITERAL_NULL_CONVERSION = YES;
				CLANG_WARN_OBJC_IMPLICIT_RETAIN_SELF = YES;
				CLANG_WARN_OBJC_LITERAL_CONVERSION = YES;
				CLANG_WARN_OBJC_ROOT_CLASS = YES_ERROR;
				CLANG_WARN_QUOTED_INCLUDE_IN_FRAMEWORK_HEADER = YES;
				CLANG_WARN_RANGE_LOOP_ANALYSIS = YES;
				CLANG_WARN_STRICT_PROTOTYPES = YES;
				CLANG_WARN_SUSPICIOUS_MOVE = YES;
				CLANG_WARN_UNGUARDED_AVAILABILITY = YES_AGGRESSIVE;
				CLANG_WARN_UNREACHABLE_CODE = YES;
				CLANG_WARN__DUPLICATE_METHOD_MATCH = YES;
				COPY_PHASE_STRIP = NO;
				DEBUG_INFORMATION_FORMAT = "dwarf-with-dsym";
				ENABLE_NS_ASSERTIONS = NO;
				ENABLE_STRICT_OBJC_MSGSEND = YES;
				ENABLE_USER_SCRIPT_SANDBOXING = YES;
				GCC_C_LANGUAGE_STANDARD = gnu17;
				GCC_NO_COMMON_BLOCKS = YES;
				GCC_WARN_64_TO_32_BIT_CONVERSION = YES;
				GCC_WARN_ABOUT_RETURN_TYPE = YES_ERROR;
				GCC_WARN_UNDECLARED_SELECTOR = YES;
				GCC_WARN_UNINITIALIZED_AUTOS = YES_AGGRESSIVE;
				GCC_WARN_UNUSED_FUNCTION = YES;
				GCC_WARN_UNUSED_VARIABLE = YES;
				IPHONEOS_DEPLOYMENT_TARGET = 17.2;
				LOCALIZATION_PREFERS_STRING_CATALOGS = YES;
				MTL_ENABLE_DEBUG_INFO = NO;
				MTL_FAST_MATH = YES;
				SDKROOT = iphoneos;
				SWIFT_COMPILATION_MODE = wholemodule;
				VALIDATE_PRODUCT = YES;
			};
			name = Release;
		};
		847CEB1E2C83A1DB00482D11 /* Debug */ = {
			isa = XCBuildConfiguration;
			buildSettings = {
				ASSETCATALOG_COMPILER_APPICON_NAME = AppIcon;
				ASSETCATALOG_COMPILER_GLOBAL_ACCENT_COLOR_NAME = AccentColor;
				CODE_SIGN_STYLE = Automatic;
				CURRENT_PROJECT_VERSION = 1;
				DEVELOPMENT_ASSET_PATHS = "\"BucketList/Preview Content\"";
				DEVELOPMENT_TEAM = XL9L4JVB38;
				ENABLE_PREVIEWS = YES;
				GENERATE_INFOPLIST_FILE = YES;
				INFOPLIST_KEY_NSFaceIDUsageDescription = "We need to unlock your data";
				INFOPLIST_KEY_UIApplicationSceneManifest_Generation = YES;
				INFOPLIST_KEY_UIApplicationSupportsIndirectInputEvents = YES;
				INFOPLIST_KEY_UILaunchScreen_Generation = YES;
				INFOPLIST_KEY_UISupportedInterfaceOrientations_iPad = "UIInterfaceOrientationPortrait UIInterfaceOrientationPortraitUpsideDown UIInterfaceOrientationLandscapeLeft UIInterfaceOrientationLandscapeRight";
				INFOPLIST_KEY_UISupportedInterfaceOrientations_iPhone = "UIInterfaceOrientationPortrait UIInterfaceOrientationLandscapeLeft UIInterfaceOrientationLandscapeRight";
				LD_RUNPATH_SEARCH_PATHS = (
					"$(inherited)",
					"@executable_path/Frameworks",
				);
				MARKETING_VERSION = 1.0;
				PRODUCT_BUNDLE_IDENTIFIER = com.fernandocallejas.BucketList;
				PRODUCT_NAME = "$(TARGET_NAME)";
				SWIFT_EMIT_LOC_STRINGS = YES;
				SWIFT_VERSION = 5.0;
				TARGETED_DEVICE_FAMILY = "1,2";
			};
			name = Debug;
		};
		847CEB1F2C83A1DB00482D11 /* Release */ = {
			isa = XCBuildConfiguration;
			buildSettings = {
				ASSETCATALOG_COMPILER_APPICON_NAME = AppIcon;
				ASSETCATALOG_COMPILER_GLOBAL_ACCENT_COLOR_NAME = AccentColor;
				CODE_SIGN_STYLE = Automatic;
				CURRENT_PROJECT_VERSION = 1;
				DEVELOPMENT_ASSET_PATHS = "\"BucketList/Preview Content\"";
				DEVELOPMENT_TEAM = XL9L4JVB38;
				ENABLE_PREVIEWS = YES;
				GENERATE_INFOPLIST_FILE = YES;
				INFOPLIST_KEY_NSFaceIDUsageDescription = "We need to unlock your data";
				INFOPLIST_KEY_UIApplicationSceneManifest_Generation = YES;
				INFOPLIST_KEY_UIApplicationSupportsIndirectInputEvents = YES;
				INFOPLIST_KEY_UILaunchScreen_Generation = YES;
				INFOPLIST_KEY_UISupportedInterfaceOrientations_iPad = "UIInterfaceOrientationPortrait UIInterfaceOrientationPortraitUpsideDown UIInterfaceOrientationLandscapeLeft UIInterfaceOrientationLandscapeRight";
				INFOPLIST_KEY_UISupportedInterfaceOrientations_iPhone = "UIInterfaceOrientationPortrait UIInterfaceOrientationLandscapeLeft UIInterfaceOrientationLandscapeRight";
				LD_RUNPATH_SEARCH_PATHS = (
					"$(inherited)",
					"@executable_path/Frameworks",
				);
				MARKETING_VERSION = 1.0;
				PRODUCT_BUNDLE_IDENTIFIER = com.fernandocallejas.BucketList;
				PRODUCT_NAME = "$(TARGET_NAME)";
				SWIFT_EMIT_LOC_STRINGS = YES;
				SWIFT_VERSION = 5.0;
				TARGETED_DEVICE_FAMILY = "1,2";
			};
			name = Release;
		};
/* End XCBuildConfiguration section */

/* Begin XCConfigurationList section */
		847CEB0A2C83A1D900482D11 /* Build configuration list for PBXProject "BucketList" */ = {
			isa = XCConfigurationList;
			buildConfigurations = (
				847CEB1B2C83A1DB00482D11 /* Debug */,
				847CEB1C2C83A1DB00482D11 /* Release */,
			);
			defaultConfigurationIsVisible = 0;
			defaultConfigurationName = Release;
		};
		847CEB1D2C83A1DB00482D11 /* Build configuration list for PBXNativeTarget "BucketList" */ = {
			isa = XCConfigurationList;
			buildConfigurations = (
				847CEB1E2C83A1DB00482D11 /* Debug */,
				847CEB1F2C83A1DB00482D11 /* Release */,
			);
			defaultConfigurationIsVisible = 0;
			defaultConfigurationName = Release;
		};
/* End XCConfigurationList section */
	};
	rootObject = 847CEB072C83A1D900482D11 /* Project object */;
}
